
Microsoft Visual Studio Solution File, Format Version 12.00
# Visual Studio Version 17
VisualStudioVersion = 17.6.33723.286
MinimumVisualStudioVersion = 10.0.40219.1
Project("{FAE04EC0-301F-11D3-BF4B-00C04F79EFBC}") = "BibliotecaEnParejas", "BibliotecaEnParejas.csproj", "{A160ECDC-FD0F-4DCB-B19F-A2607D6EF078}"
EndProject
Global
	GlobalSection(SolutionConfigurationPlatforms) = preSolution
		Debug|Any CPU = Debug|Any CPU
		Release|Any CPU = Release|Any CPU
	EndGlobalSection
	GlobalSection(ProjectConfigurationPlatforms) = postSolution
		{A160ECDC-FD0F-4DCB-B19F-A2607D6EF078}.Debug|Any CPU.ActiveCfg = Debug|Any CPU
		{A160ECDC-FD0F-4DCB-B19F-A2607D6EF078}.Debug|Any CPU.Build.0 = Debug|Any CPU
		{A160ECDC-FD0F-4DCB-B19F-A2607D6EF078}.Release|Any CPU.ActiveCfg = Release|Any CPU
		{A160ECDC-FD0F-4DCB-B19F-A2607D6EF078}.Release|Any CPU.Build.0 = Release|Any CPU
	EndGlobalSection
	GlobalSection(SolutionProperties) = preSolution
		HideSolutionNode = FALSE
	EndGlobalSection
	GlobalSection(ExtensibilityGlobals) = postSolution
		SolutionGuid = {F089709F-A10B-422F-8E79-E4582446C9DE}
	EndGlobalSection
EndGlobal
